
Microsoft Visual Studio Solution File, Format Version 12.00
# Visual Studio 14
VisualStudioVersion = 14.0.25123.0
MinimumVisualStudioVersion = 10.0.40219.1
Project("{FAE04EC0-301F-11D3-BF4B-00C04F79EFBC}") = "UROVConfig", "UROVConfig.csproj", "{D333D4F5-5146-49E9-B028-CD18BDC12E96}"
EndProject
Global
	GlobalSection(SolutionConfigurationPlatforms) = preSolution
		Debug|Any CPU = Debug|Any CPU
		Release|Any CPU = Release|Any CPU
	EndGlobalSection
	GlobalSection(ProjectConfigurationPlatforms) = postSolution
		{D333D4F5-5146-49E9-B028-CD18BDC12E96}.Debug|Any CPU.ActiveCfg = Debug|Any CPU
		{D333D4F5-5146-49E9-B028-CD18BDC12E96}.Debug|Any CPU.Build.0 = Debug|Any CPU
		{D333D4F5-5146-49E9-B028-CD18BDC12E96}.Release|Any CPU.ActiveCfg = Release|Any CPU
		{D333D4F5-5146-49E9-B028-CD18BDC12E96}.Release|Any CPU.Build.0 = Release|Any CPU
	EndGlobalSection
	GlobalSection(SolutionProperties) = preSolution
		HideSolutionNode = FALSE
	EndGlobalSection
EndGlobal
