#MicroXplorer Configuration settings - do not modify
FSMC.AddressSetupTime1=10
FSMC.BusTurnAroundDuration1=10
FSMC.DataSetupTime1=150
FSMC.IPParameters=AddressSetupTime1,BusTurnAroundDuration1,DataSetupTime1
File.Version=6
KeepUserPlacement=true
Mcu.Family=STM32F4
Mcu.IP0=FSMC
Mcu.IP1=NVIC
Mcu.IP2=RCC
Mcu.IP3=SPI3
Mcu.IP4=SYS
Mcu.IPNb=5
Mcu.Name=STM32F407V(E-G)Tx
Mcu.Package=LQFP100
Mcu.Pin0=PC13-ANTI_TAMP
Mcu.Pin1=PH0-OSC_IN
Mcu.Pin10=PE12
Mcu.Pin11=PE13
Mcu.Pin12=PE14
Mcu.Pin13=PE15
Mcu.Pin14=PD8
Mcu.Pin15=PD9
Mcu.Pin16=PD10
Mcu.Pin17=PD11
Mcu.Pin18=PD14
Mcu.Pin19=PD15
Mcu.Pin2=PH1-OSC_OUT
Mcu.Pin20=PA13
Mcu.Pin21=PA14
Mcu.Pin22=PC10
Mcu.Pin23=PC11
Mcu.Pin24=PC12
Mcu.Pin25=PD0
Mcu.Pin26=PD1
Mcu.Pin27=PD4
Mcu.Pin28=PD5
Mcu.Pin29=PD7
Mcu.Pin3=PA0-WKUP
Mcu.Pin30=PB7
Mcu.Pin31=VP_SYS_VS_Systick
Mcu.Pin4=PC5
Mcu.Pin5=PE7
Mcu.Pin6=PE8
Mcu.Pin7=PE9
Mcu.Pin8=PE10
Mcu.Pin9=PE11
Mcu.PinsNb=32
Mcu.UserConstants=
Mcu.UserName=STM32F407VGTx
MxCube.Version=4.14.0
MxDb.Version=DB.4.0.140
NVIC.BusFault_IRQn=true\:0\:0\:false\:false\:true
NVIC.DebugMonitor_IRQn=true\:0\:0\:false\:false\:true
NVIC.HardFault_IRQn=true\:0\:0\:false\:false\:true
NVIC.MemoryManagement_IRQn=true\:0\:0\:false\:false\:true
NVIC.NonMaskableInt_IRQn=true\:0\:0\:false\:false\:true
NVIC.PriorityGroup=NVIC_PRIORITYGROUP_4
NVIC.SysTick_IRQn=true\:0\:0\:false\:false\:true
NVIC.UsageFault_IRQn=true\:0\:0\:false\:false\:true
PA0-WKUP.GPIOParameters=GPIO_PuPd,GPIO_Label
PA0-WKUP.GPIO_Label=PA0_Button
PA0-WKUP.GPIO_PuPd=GPIO_PULLDOWN
PA0-WKUP.Locked=true
PA0-WKUP.Signal=GPIO_Input
PA13.Mode=Serial-Wire
PA13.Signal=SYS_JTMS-SWDIO
PA14.Mode=Serial-Wire
PA14.Signal=SYS_JTCK-SWCLK
PB7.GPIOParameters=GPIO_PuPd,GPIO_Label
PB7.GPIO_Label=PB7_T_IRQ
PB7.GPIO_PuPd=GPIO_PULLUP
PB7.Locked=true
PB7.Signal=GPIO_Input
PC10.GPIOParameters=GPIO_Speed
PC10.GPIO_Speed=GPIO_SPEED_FREQ_LOW
PC10.Mode=Full_Duplex_Master
PC10.Signal=SPI3_SCK
PC11.GPIOParameters=GPIO_Speed
PC11.GPIO_Speed=GPIO_SPEED_FREQ_LOW
PC11.Mode=Full_Duplex_Master
PC11.Signal=SPI3_MISO
PC12.GPIOParameters=GPIO_Speed
PC12.GPIO_Speed=GPIO_SPEED_FREQ_LOW
PC12.Mode=Full_Duplex_Master
PC12.Signal=SPI3_MOSI
PC13-ANTI_TAMP.GPIOParameters=GPIO_Label
PC13-ANTI_TAMP.GPIO_Label=PC13_LCD_Reset
PC13-ANTI_TAMP.Locked=true
PC13-ANTI_TAMP.Signal=GPIO_Output
PC5.GPIOParameters=GPIO_PuPd,GPIO_Label
PC5.GPIO_Label=PC5_DS18B20
PC5.GPIO_PuPd=GPIO_PULLDOWN
PC5.Locked=true
PC5.Signal=GPIO_Output
PCC.Checker=false
PCC.Line=STM32F407/417
PCC.MCU=STM32F407V(E-G)Tx
PCC.MXVersion=4.14.0
PCC.PartNumber=STM32F407VGTx
PCC.Seq0=0
PCC.Series=STM32F4
PCC.Temperature=25
PCC.Vdd=3.3
PD0.GPIOParameters=GPIO_PuPd,GPIO_Speed_High_Default
PD0.GPIO_PuPd=GPIO_PULLDOWN
PD0.GPIO_Speed_High_Default=GPIO_SPEED_FREQ_MEDIUM
PD0.Mode=16b-d1
PD0.Signal=FSMC_D2
PD1.GPIOParameters=GPIO_PuPd,GPIO_Speed_High_Default
PD1.GPIO_PuPd=GPIO_PULLDOWN
PD1.GPIO_Speed_High_Default=GPIO_SPEED_FREQ_MEDIUM
PD1.Mode=16b-d1
PD1.Signal=FSMC_D3
PD10.GPIOParameters=GPIO_PuPd,GPIO_Speed_High_Default
PD10.GPIO_PuPd=GPIO_PULLDOWN
PD10.GPIO_Speed_High_Default=GPIO_SPEED_FREQ_MEDIUM
PD10.Mode=16b-d1
PD10.Signal=FSMC_D15
PD11.GPIOParameters=GPIO_PuPd,GPIO_Speed_High_Default
PD11.GPIO_PuPd=GPIO_PULLDOWN
PD11.GPIO_Speed_High_Default=GPIO_SPEED_FREQ_MEDIUM
PD11.Mode=A16_1
PD11.Signal=FSMC_A16
PD14.GPIOParameters=GPIO_PuPd,GPIO_Speed_High_Default
PD14.GPIO_PuPd=GPIO_PULLDOWN
PD14.GPIO_Speed_High_Default=GPIO_SPEED_FREQ_MEDIUM
PD14.Mode=16b-d1
PD14.Signal=FSMC_D0
PD15.GPIOParameters=GPIO_PuPd,GPIO_Speed_High_Default
PD15.GPIO_PuPd=GPIO_PULLDOWN
PD15.GPIO_Speed_High_Default=GPIO_SPEED_FREQ_MEDIUM
PD15.Mode=16b-d1
PD15.Signal=FSMC_D1
PD4.GPIOParameters=GPIO_PuPd,GPIO_Speed_High_Default
PD4.GPIO_PuPd=GPIO_PULLDOWN
PD4.GPIO_Speed_High_Default=GPIO_SPEED_FREQ_MEDIUM
PD4.Mode=Lcd1
PD4.Signal=FSMC_NOE
PD5.GPIOParameters=GPIO_PuPd,GPIO_Speed_High_Default
PD5.GPIO_PuPd=GPIO_PULLDOWN
PD5.GPIO_Speed_High_Default=GPIO_SPEED_FREQ_MEDIUM
PD5.Mode=Lcd1
PD5.Signal=FSMC_NWE
PD7.GPIOParameters=GPIO_PuPd,GPIO_Speed_High_Default
PD7.GPIO_PuPd=GPIO_PULLDOWN
PD7.GPIO_Speed_High_Default=GPIO_SPEED_FREQ_MEDIUM
PD7.Mode=NorPsramChipSelect1_1
PD7.Signal=FSMC_NE1
PD8.GPIOParameters=GPIO_PuPd,GPIO_Speed_High_Default
PD8.GPIO_PuPd=GPIO_PULLDOWN
PD8.GPIO_Speed_High_Default=GPIO_SPEED_FREQ_MEDIUM
PD8.Mode=16b-d1
PD8.Signal=FSMC_D13
PD9.GPIOParameters=GPIO_PuPd,GPIO_Speed_High_Default
PD9.GPIO_PuPd=GPIO_PULLDOWN
PD9.GPIO_Speed_High_Default=GPIO_SPEED_FREQ_MEDIUM
PD9.Mode=16b-d1
PD9.Signal=FSMC_D14
PE10.GPIOParameters=GPIO_PuPd,GPIO_Speed_High_Default
PE10.GPIO_PuPd=GPIO_PULLDOWN
PE10.GPIO_Speed_High_Default=GPIO_SPEED_FREQ_MEDIUM
PE10.Mode=16b-d1
PE10.Signal=FSMC_D7
PE11.GPIOParameters=GPIO_PuPd,GPIO_Speed_High_Default
PE11.GPIO_PuPd=GPIO_PULLDOWN
PE11.GPIO_Speed_High_Default=GPIO_SPEED_FREQ_MEDIUM
PE11.Mode=16b-d1
PE11.Signal=FSMC_D8
PE12.GPIOParameters=GPIO_PuPd,GPIO_Speed_High_Default
PE12.GPIO_PuPd=GPIO_PULLDOWN
PE12.GPIO_Speed_High_Default=GPIO_SPEED_FREQ_MEDIUM
PE12.Mode=16b-d1
PE12.Signal=FSMC_D9
PE13.GPIOParameters=GPIO_PuPd,GPIO_Speed_High_Default
PE13.GPIO_PuPd=GPIO_PULLDOWN
PE13.GPIO_Speed_High_Default=GPIO_SPEED_FREQ_MEDIUM
PE13.Mode=16b-d1
PE13.Signal=FSMC_D10
PE14.GPIOParameters=GPIO_PuPd,GPIO_Speed_High_Default
PE14.GPIO_PuPd=GPIO_PULLDOWN
PE14.GPIO_Speed_High_Default=GPIO_SPEED_FREQ_MEDIUM
PE14.Mode=16b-d1
PE14.Signal=FSMC_D11
PE15.GPIOParameters=GPIO_PuPd,GPIO_Speed_High_Default
PE15.GPIO_PuPd=GPIO_PULLDOWN
PE15.GPIO_Speed_High_Default=GPIO_SPEED_FREQ_MEDIUM
PE15.Mode=16b-d1
PE15.Signal=FSMC_D12
PE7.GPIOParameters=GPIO_PuPd,GPIO_Speed_High_Default
PE7.GPIO_PuPd=GPIO_PULLDOWN
PE7.GPIO_Speed_High_Default=GPIO_SPEED_FREQ_MEDIUM
PE7.Mode=16b-d1
PE7.Signal=FSMC_D4
PE8.GPIOParameters=GPIO_PuPd,GPIO_Speed_High_Default
PE8.GPIO_PuPd=GPIO_PULLDOWN
PE8.GPIO_Speed_High_Default=GPIO_SPEED_FREQ_MEDIUM
PE8.Mode=16b-d1
PE8.Signal=FSMC_D5
PE9.GPIOParameters=GPIO_PuPd,GPIO_Speed_High_Default
PE9.GPIO_PuPd=GPIO_PULLDOWN
PE9.GPIO_Speed_High_Default=GPIO_SPEED_FREQ_MEDIUM
PE9.Mode=16b-d1
PE9.Signal=FSMC_D6
PH0-OSC_IN.Mode=HSE-External-Oscillator
PH0-OSC_IN.Signal=RCC_OSC_IN
PH1-OSC_OUT.Mode=HSE-External-Oscillator
PH1-OSC_OUT.Signal=RCC_OSC_OUT
ProjectManager.AskForMigrate=true
ProjectManager.BackupPrevious=false
ProjectManager.CompilerOptimize=2
ProjectManager.ComputerToolchain=false
ProjectManager.CoupleFile=true
ProjectManager.DeletePrevious=true
ProjectManager.DeviceId=STM32F407VGTx
ProjectManager.FirmwarePackage=STM32Cube FW_F4 V1.11.0
ProjectManager.FreePins=false
ProjectManager.HalAssertFull=false
ProjectManager.HeapSize=0x200
ProjectManager.KeepUserCode=true
ProjectManager.LastFirmware=true
ProjectManager.LibraryCopy=0
ProjectManager.PreviousToolchain=
ProjectManager.ProjectBuild=false
ProjectManager.ProjectFileName=STM32F4_SSD1963_FSMC_TOUCH.ioc
ProjectManager.ProjectName=STM32F4_SSD1963_FSMC_TOUCH
ProjectManager.StackSize=0x400
ProjectManager.TargetToolchain=MDK-ARM V5
ProjectManager.ToolChainLocation=
ProjectManager.UnderRoot=false
ProjectManager.functionlistsort=1-MX_GPIO_Init-GPIO-false,2-MX_FSMC_Init-FSMC-false,3-MX_SPI3_Init-SPI3-false
RCC.48MHZClocksFreq_Value=84000000
RCC.AHBFreq_Value=168000000
RCC.APB1CLKDivider=RCC_HCLK_DIV8
RCC.APB1Freq_Value=21000000
RCC.APB1TimFreq_Value=42000000
RCC.APB2CLKDivider=RCC_HCLK_DIV2
RCC.APB2Freq_Value=84000000
RCC.APB2TimFreq_Value=168000000
RCC.CortexFreq_Value=168000000
RCC.EthernetFreq_Value=168000000
RCC.FCLKCortexFreq_Value=168000000
RCC.FamilyName=M
RCC.HCLKFreq_Value=168000000
RCC.HSE_VALUE=8000000
RCC.HSI_VALUE=16000000
RCC.I2SClocksFreq_Value=96000000
RCC.IPParameters=FamilyName,LSI_VALUE,HSI_VALUE,SYSCLKFreq_VALUE,AHBFreq_Value,CortexFreq_Value,APB1Freq_Value,APB2Freq_Value,VCOInputFreq_Value,VCOOutputFreq_Value,PLLCLKFreq_Value,PLLQCLKFreq_Value,VCOI2SOutputFreq_Value,VcooutputI2S,RTCFreq_Value,I2SClocksFreq_Value,HSE_VALUE,RTCHSEDivFreq_Value,LSE_VALUE,PLLSourceVirtual,48MHZClocksFreq_Value,PLLN,PLLM,SYSCLKSource,HCLKFreq_Value,FCLKCortexFreq_Value,APB1TimFreq_Value,APB2TimFreq_Value,EthernetFreq_Value,MCO2PinFreq_Value,APB1CLKDivider,APB2CLKDivider
RCC.LSE_VALUE=32768
RCC.LSI_VALUE=32000
RCC.MCO2PinFreq_Value=168000000
RCC.PLLCLKFreq_Value=168000000
RCC.PLLM=8
RCC.PLLN=336
RCC.PLLQCLKFreq_Value=84000000
RCC.PLLSourceVirtual=RCC_PLLSOURCE_HSE
RCC.RTCFreq_Value=32000
RCC.RTCHSEDivFreq_Value=4000000
RCC.SYSCLKFreq_VALUE=168000000
RCC.SYSCLKSource=RCC_SYSCLKSOURCE_PLLCLK
RCC.VCOI2SOutputFreq_Value=192000000
RCC.VCOInputFreq_Value=1000000
RCC.VCOOutputFreq_Value=336000000
RCC.VcooutputI2S=96000000
SPI3.BaudRatePrescaler=SPI_BAUDRATEPRESCALER_256
SPI3.CalculateBaudRate=82.031 KBits/s
SPI3.IPParameters=Mode,CalculateBaudRate,BaudRatePrescaler
SPI3.Mode=SPI_MODE_MASTER
VP_SYS_VS_Systick.Mode=SysTick
VP_SYS_VS_Systick.Signal=SYS_VS_Systick
board=STM32F4_SSD1963_FSMC_TOUCH
